
Microsoft Visual Studio Solution File, Format Version 12.00
# Visual Studio Version 17
VisualStudioVersion = 17.13.35825.156
MinimumVisualStudioVersion = 10.0.40219.1
Project("{FAE04EC0-301F-11D3-BF4B-00C04F79EFBC}") = "Snippet-kit", "Snippet-kit.csproj", "{08B068C7-D361-4A24-BE25-C18EC67E80C5}"
EndProject
Project("{FAE04EC0-301F-11D3-BF4B-00C04F79EFBC}") = "Snippet-kit-UI", "..\nippet-kit-UI\Snippet-kit-UI.csproj", "{8BA55258-0E41-4D24-8A99-DAE26D439A07}"
EndProject
Project("{FAE04EC0-301F-11D3-BF4B-00C04F79EFBC}") = "GlobalLowLevelHooks", "..\GlobalLowLevelHooks\GlobalLowLevelHooks.csproj", "{3F9D12E5-DB8A-4010-83B4-6E73C8BDAF30}"
EndProject
Project("{2150E333-8FDC-42A3-9474-1A3956D46DE8}") = "xml", "xml", "{8EC462FD-D22E-90A8-E5CE-7E832BA40C5D}"
	ProjectSection(SolutionItems) = preProject
		..\xml\Snippets.xml = ..\xml\Snippets.xml
	EndProjectSection
EndProject
Global
	GlobalSection(SolutionConfigurationPlatforms) = preSolution
		Debug|Any CPU = Debug|Any CPU
		Release|Any CPU = Release|Any CPU
	EndGlobalSection
	GlobalSection(ProjectConfigurationPlatforms) = postSolution
		{08B068C7-D361-4A24-BE25-C18EC67E80C5}.Debug|Any CPU.ActiveCfg = Debug|Any CPU
		{08B068C7-D361-4A24-BE25-C18EC67E80C5}.Debug|Any CPU.Build.0 = Debug|Any CPU
		{08B068C7-D361-4A24-BE25-C18EC67E80C5}.Release|Any CPU.ActiveCfg = Release|Any CPU
		{08B068C7-D361-4A24-BE25-C18EC67E80C5}.Release|Any CPU.Build.0 = Release|Any CPU
		{8BA55258-0E41-4D24-8A99-DAE26D439A07}.Debug|Any CPU.ActiveCfg = Debug|Any CPU
		{8BA55258-0E41-4D24-8A99-DAE26D439A07}.Debug|Any CPU.Build.0 = Debug|Any CPU
		{8BA55258-0E41-4D24-8A99-DAE26D439A07}.Release|Any CPU.ActiveCfg = Release|Any CPU
		{8BA55258-0E41-4D24-8A99-DAE26D439A07}.Release|Any CPU.Build.0 = Release|Any CPU
		{3F9D12E5-DB8A-4010-83B4-6E73C8BDAF30}.Debug|Any CPU.ActiveCfg = Debug|Any CPU
		{3F9D12E5-DB8A-4010-83B4-6E73C8BDAF30}.Debug|Any CPU.Build.0 = Debug|Any CPU
		{3F9D12E5-DB8A-4010-83B4-6E73C8BDAF30}.Release|Any CPU.ActiveCfg = Release|Any CPU
		{3F9D12E5-DB8A-4010-83B4-6E73C8BDAF30}.Release|Any CPU.Build.0 = Release|Any CPU
	EndGlobalSection
	GlobalSection(SolutionProperties) = preSolution
		HideSolutionNode = FALSE
	EndGlobalSection
	GlobalSection(ExtensibilityGlobals) = postSolution
		SolutionGuid = {41D211D8-1CBB-4128-A1CD-F2A26FA5705E}
	EndGlobalSection
EndGlobal
